# Generated by pub
# See https://dart.dev/tools/pub/glossary#lockfile
packages:
  clock:
    dependency: transitive
    description:
      name: clock
      url: "https://pub.dartlang.org"
    source: hosted
    version: "1.1.0"
  intl:
    dependency: transitive
    description:
      name: intl
      url: "https://pub.dartlang.org"
    source: hosted
    version: "0.17.0"
  path:
    dependency: transitive
    description:
      name: path
      url: "https://pub.dartlang.org"
    source: hosted
    version: "1.8.1"
  synchronized:
    dependency: "direct main"
    description:
      name: synchronized
      url: "https://pub.dartlang.org"
    source: hosted
    version: "3.0.0"
  true_core:
    dependency: "direct main"
    description:
      path: "."
      ref: HEAD
      resolved-ref: "4f2edf51f3f7e2c409e9fcef250adcd6b9410b5d"
      url: "https://github.com/TrueCollaboration/true_core.dart.git"
    source: git
    version: "0.0.2"
sdks:
  dart: ">=2.15.0 <3.0.0"
